<?xml version="1.0" encoding="utf-8"?>
<Project ToolsVersion="4.0" xmlns="http://schemas.microsoft.com/developer/msbuild/2003">
  <ItemGroup>
    <Filter Include="core">
      <UniqueIdentifier>{e84dce84-84ed-4b14-a078-e3afc9e42f09}</UniqueIdentifier>
    </Filter>
    <Filter Include="graphics">
      <UniqueIdentifier>{fe45f59f-49d4-4981-8551-ba97cb5c099e}</UniqueIdentifier>
    </Filter>
    <Filter Include="helper">
      <UniqueIdentifier>{e1482238-8157-4a15-b50d-dbb661b69819}</UniqueIdentifier>
    </Filter>
    <Filter Include="libs">
      <UniqueIdentifier>{8b742593-aa90-4d37-9363-bc31fb4af609}</UniqueIdentifier>
    </Filter>
  </ItemGroup>
  <ItemGroup>
    <ClCompile Include="core\GameMain.cpp">
      <Filter>core</Filter>
    </ClCompile>
    <ClCompile Include="graphics\Graphics.cpp">
      <Filter>graphics</Filter>
    </ClCompile>
    <ClCompile Include="core\GameWin.cpp">
      <Filter>core</Filter>
    </ClCompile>
    <ClCompile Include="core\mainDos.cpp">
      <Filter>core</Filter>
    </ClCompile>
    <ClCompile Include="graphics\GeometryServer.cpp">
      <Filter>graphics</Filter>
    </ClCompile>
  </ItemGroup>
  <ItemGroup>
    <ClInclude Include="core\GameMain.h">
      <Filter>core</Filter>
    </ClInclude>
    <ClInclude Include="graphics\Graphics.h">
      <Filter>graphics</Filter>
    </ClInclude>
    <ClInclude Include="core\IGameApp.h">
      <Filter>core</Filter>
    </ClInclude>
    <ClInclude Include="helper\allheader.h">
      <Filter>helper</Filter>
    </ClInclude>
    <ClInclude Include="libs\D3D12MemAlloc.h">
      <Filter>libs</Filter>
    </ClInclude>
    <ClInclude Include="graphics\GeometryServer.h">
      <Filter>graphics</Filter>
    </ClInclude>
    <ClInclude Include="graphics\grapheader.h">
      <Filter>graphics</Filter>
    </ClInclude>
  </ItemGroup>
</Project>